{
	"name": "myapp",
	"version": "1.0.0",
	"lockfileVersion": 1,
	"requires": true,
	"dependencies": {
		"@katrielkoga/fluentsql": {
			"version": "2.0.0",
			"resolved": "https://registry.npmjs.org/@katrielkoga/fluentsql/-/fluentsql-2.0.0.tgz",
			"integrity": "sha512-V1HeoyBe2UGIdHN+e2xoQdf4q0D9i9fbtHWJWLMS1Hm+zrlLnMpr0qKczwTNiESEOYsTREmOlZ0P6I4zQ9CVsQ=="
		}
	}
}
